
Microsoft Visual Studio Solution File, Format Version 12.00
# Visual Studio Version 17
VisualStudioVersion = 17.0.31919.166
MinimumVisualStudioVersion = 10.0.40219.1
Project("{FAE04EC0-301F-11D3-BF4B-00C04F79EFBC}") = "MemberManTesters", "MemberManTesters\MemberManTesters.csproj", "{39902A2C-69A4-4108-97FE-47E0B035015A}"
EndProject
Project("{FAE04EC0-301F-11D3-BF4B-00C04F79EFBC}") = "MemberManServer", "MemberManServer\MemberManServer.csproj", "{2EC6156A-6FE8-4A46-BD37-B841D0B81C87}"
EndProject
Project("{FAE04EC0-301F-11D3-BF4B-00C04F79EFBC}") = "CommonTypes", "..\Common\CommonTypes\CommonTypes.csproj", "{88BBB0B1-FB82-4224-83E0-2AB6AF04B39B}"
EndProject
Global
	GlobalSection(SolutionConfigurationPlatforms) = preSolution
		Debug|Any CPU = Debug|Any CPU
		Release|Any CPU = Release|Any CPU
	EndGlobalSection
	GlobalSection(ProjectConfigurationPlatforms) = postSolution
		{C9FE371E-ED1A-4913-B90F-F08C6B5D8EF6}.Debug|Any CPU.ActiveCfg = Debug|Any CPU
		{C9FE371E-ED1A-4913-B90F-F08C6B5D8EF6}.Debug|Any CPU.Build.0 = Debug|Any CPU
		{C9FE371E-ED1A-4913-B90F-F08C6B5D8EF6}.Release|Any CPU.ActiveCfg = Release|Any CPU
		{C9FE371E-ED1A-4913-B90F-F08C6B5D8EF6}.Release|Any CPU.Build.0 = Release|Any CPU
		{39902A2C-69A4-4108-97FE-47E0B035015A}.Debug|Any CPU.ActiveCfg = Debug|Any CPU
		{39902A2C-69A4-4108-97FE-47E0B035015A}.Debug|Any CPU.Build.0 = Debug|Any CPU
		{39902A2C-69A4-4108-97FE-47E0B035015A}.Release|Any CPU.ActiveCfg = Release|Any CPU
		{39902A2C-69A4-4108-97FE-47E0B035015A}.Release|Any CPU.Build.0 = Release|Any CPU
		{2EC6156A-6FE8-4A46-BD37-B841D0B81C87}.Debug|Any CPU.ActiveCfg = Debug|Any CPU
		{2EC6156A-6FE8-4A46-BD37-B841D0B81C87}.Debug|Any CPU.Build.0 = Debug|Any CPU
		{2EC6156A-6FE8-4A46-BD37-B841D0B81C87}.Release|Any CPU.ActiveCfg = Release|Any CPU
		{2EC6156A-6FE8-4A46-BD37-B841D0B81C87}.Release|Any CPU.Build.0 = Release|Any CPU
		{88BBB0B1-FB82-4224-83E0-2AB6AF04B39B}.Debug|Any CPU.ActiveCfg = Debug|Any CPU
		{88BBB0B1-FB82-4224-83E0-2AB6AF04B39B}.Debug|Any CPU.Build.0 = Debug|Any CPU
		{88BBB0B1-FB82-4224-83E0-2AB6AF04B39B}.Release|Any CPU.ActiveCfg = Release|Any CPU
		{88BBB0B1-FB82-4224-83E0-2AB6AF04B39B}.Release|Any CPU.Build.0 = Release|Any CPU
	EndGlobalSection
	GlobalSection(SolutionProperties) = preSolution
		HideSolutionNode = FALSE
	EndGlobalSection
	GlobalSection(ExtensibilityGlobals) = postSolution
		SolutionGuid = {6BDAA857-64B9-4B45-BCA0-1528D420FDE1}
	EndGlobalSection
EndGlobal
